
Microsoft Visual Studio Solution File, Format Version 12.00
# Visual Studio Version 17
VisualStudioVersion = 17.7.34031.279
MinimumVisualStudioVersion = 10.0.40219.1
Project("{9A19103F-16F7-4668-BE54-9A1E7A4F7556}") = "ProkhorovaKT-31-20", "ProkhorovaKT-31-20.csproj", "{4D122C3B-55B1-4EF7-9E51-939183142580}"
EndProject
Global
	GlobalSection(SolutionConfigurationPlatforms) = preSolution
		Debug|Any CPU = Debug|Any CPU
		Release|Any CPU = Release|Any CPU
	EndGlobalSection
	GlobalSection(ProjectConfigurationPlatforms) = postSolution
		{4D122C3B-55B1-4EF7-9E51-939183142580}.Debug|Any CPU.ActiveCfg = Debug|Any CPU
		{4D122C3B-55B1-4EF7-9E51-939183142580}.Debug|Any CPU.Build.0 = Debug|Any CPU
		{4D122C3B-55B1-4EF7-9E51-939183142580}.Release|Any CPU.ActiveCfg = Release|Any CPU
		{4D122C3B-55B1-4EF7-9E51-939183142580}.Release|Any CPU.Build.0 = Release|Any CPU
	EndGlobalSection
	GlobalSection(SolutionProperties) = preSolution
		HideSolutionNode = FALSE
	EndGlobalSection
	GlobalSection(ExtensibilityGlobals) = postSolution
		SolutionGuid = {262F5ECA-8F0A-460D-A2CF-D78F6E804843}
	EndGlobalSection
EndGlobal
